Microsoft Visual Studio Solution File, Format Version 11.00
# Visual Studio 2008

Project("{9F205114-3109-B831-DEDE-A0C4CB82EE9D}") = "InternshipTestAsteroids", "Assembly-CSharp.csproj", "{8EBA5B64-3FF7-A3B8-153D-B9B5D469FA31}"
EndProject
Project("{9F205114-3109-B831-DEDE-A0C4CB82EE9D}") = "InternshipTestAsteroids", "Assembly-UnityScript-firstpass.unityproj", "{0D42F225-E3E9-6830-08A3-FB9A4FCF0903}"
EndProject
Global
	GlobalSection(SolutionConfigurationPlatforms) = preSolution
		Debug|Any CPU = Debug|Any CPU
		Release|Any CPU = Release|Any CPU
	EndGlobalSection
	GlobalSection(ProjectConfigurationPlatforms) = postSolution
		{8EBA5B64-3FF7-A3B8-153D-B9B5D469FA31}.Debug|Any CPU.ActiveCfg = Debug|Any CPU
		{8EBA5B64-3FF7-A3B8-153D-B9B5D469FA31}.Debug|Any CPU.Build.0 = Debug|Any CPU
		{8EBA5B64-3FF7-A3B8-153D-B9B5D469FA31}.Release|Any CPU.ActiveCfg = Release|Any CPU
		{8EBA5B64-3FF7-A3B8-153D-B9B5D469FA31}.Release|Any CPU.Build.0 = Release|Any CPU
		{0D42F225-E3E9-6830-08A3-FB9A4FCF0903}.Debug|Any CPU.ActiveCfg = Debug|Any CPU
		{0D42F225-E3E9-6830-08A3-FB9A4FCF0903}.Debug|Any CPU.Build.0 = Debug|Any CPU
		{0D42F225-E3E9-6830-08A3-FB9A4FCF0903}.Release|Any CPU.ActiveCfg = Release|Any CPU
		{0D42F225-E3E9-6830-08A3-FB9A4FCF0903}.Release|Any CPU.Build.0 = Release|Any CPU
	EndGlobalSection
	GlobalSection(SolutionProperties) = preSolution
		HideSolutionNode = FALSE
	EndGlobalSection
																																																																																																											GlobalSection(MonoDevelopProperties) = preSolution
		StartupItem = Assembly-CSharp.csproj
		Policies = $0
		$0.TextStylePolicy = $1
		$1.inheritsSet = null
		$1.scope = text/x-csharp
		$0.CSharpFormattingPolicy = $2
		$2.inheritsSet = Mono
		$2.inheritsScope = text/x-csharp
		$2.scope = text/x-csharp
		$0.TextStylePolicy = $3
		$3.FileWidth = 120
		$3.TabWidth = 4
		$3.EolMarker = Unix
		$3.inheritsSet = Mono
		$3.inheritsScope = text/plain
		$3.scope = text/plain
	EndGlobalSection

EndGlobal
